
Microsoft Visual Studio Solution File, Format Version 12.00
# Visual Studio Version 17
VisualStudioVersion = 17.1.32210.238
MinimumVisualStudioVersion = 10.0.40219.1
Project("{FAE04EC0-301F-11D3-BF4B-00C04F79EFBC}") = "B211200300_KafaTopu", "B211200300_KafaTopu\B211200300_KafaTopu.csproj", "{AB1719B4-1233-40D3-BF92-814B9919D17F}"
EndProject
Global
	GlobalSection(SolutionConfigurationPlatforms) = preSolution
		Debug|Any CPU = Debug|Any CPU
		Release|Any CPU = Release|Any CPU
	EndGlobalSection
	GlobalSection(ProjectConfigurationPlatforms) = postSolution
		{AB1719B4-1233-40D3-BF92-814B9919D17F}.Debug|Any CPU.ActiveCfg = Debug|Any CPU
		{AB1719B4-1233-40D3-BF92-814B9919D17F}.Debug|Any CPU.Build.0 = Debug|Any CPU
		{AB1719B4-1233-40D3-BF92-814B9919D17F}.Release|Any CPU.ActiveCfg = Release|Any CPU
		{AB1719B4-1233-40D3-BF92-814B9919D17F}.Release|Any CPU.Build.0 = Release|Any CPU
	EndGlobalSection
	GlobalSection(SolutionProperties) = preSolution
		HideSolutionNode = FALSE
	EndGlobalSection
	GlobalSection(ExtensibilityGlobals) = postSolution
		SolutionGuid = {C2E8DACA-4809-4BAB-9E27-A030CEBDCAF3}
	EndGlobalSection
EndGlobal
